<?xml version="1.0" encoding="utf-8"?>
<Project ToolsVersion="18.0" xmlns="http://schemas.microsoft.com/developer/msbuild/2003">
  <ItemGroup>
    <ClCompile Include="C:\Users\ivrod\Documents\irg\irglab\irgLab\dependencies\assimp\code\Common\Assimp.cpp">
      <Filter>Source Files</Filter>
    </ClCompile>
    <ClCompile Include="C:\Users\ivrod\Documents\irg\irglab\irgLab\dependencies\assimp\code\CApi\CInterfaceIOWrapper.cpp">
      <Filter>CApi</Filter>
    </ClCompile>
    <ClCompile Include="C:\Users\ivrod\Documents\irg\irglab\irgLab\dependencies\assimp\code\Common\Compression.cpp">
      <Filter>Common</Filter>
    </ClCompile>
    <ClCompile Include="C:\Users\ivrod\Documents\irg\irglab\irgLab\dependencies\assimp\code\Common\BaseImporter.cpp">
      <Filter>Common</Filter>
    </ClCompile>
    <ClCompile Include="C:\Users\ivrod\Documents\irg\irglab\irgLab\dependencies\assimp\code\Common\BaseProcess.cpp">
      <Filter>Common</Filter>
    </ClCompile>
    <ClCompile Include="C:\Users\ivrod\Documents\irg\irglab\irgLab\dependencies\assimp\code\Common\PostStepRegistry.cpp">
      <Filter>Common</Filter>
    </ClCompile>
    <ClCompile Include="C:\Users\ivrod\Documents\irg\irglab\irgLab\dependencies\assimp\code\Common\ImporterRegistry.cpp">
      <Filter>Common</Filter>
    </ClCompile>
    <ClCompile Include="C:\Users\ivrod\Documents\irg\irglab\irgLab\dependencies\assimp\code\Common\DefaultIOStream.cpp">
      <Filter>Common</Filter>
    </ClCompile>
    <ClCompile Include="C:\Users\ivrod\Documents\irg\irglab\irgLab\dependencies\assimp\code\Common\IOSystem.cpp">
      <Filter>Common</Filter>
    </ClCompile>
    <ClCompile Include="C:\Users\ivrod\Documents\irg\irglab\irgLab\dependencies\assimp\code\Common\DefaultIOSystem.cpp">
      <Filter>Common</Filter>
    </ClCompile>
    <ClCompile Include="C:\Users\ivrod\Documents\irg\irglab\irgLab\dependencies\assimp\code\Common\ZipArchiveIOSystem.cpp">
      <Filter>Common</Filter>
    </ClCompile>
    <ClCompile Include="C:\Users\ivrod\Documents\irg\irglab\irgLab\dependencies\assimp\code\Common\Importer.cpp">
      <Filter>Common</Filter>
    </ClCompile>
    <ClCompile Include="C:\Users\ivrod\Documents\irg\irglab\irgLab\dependencies\assimp\code\Common\SGSpatialSort.cpp">
      <Filter>Common</Filter>
    </ClCompile>
    <ClCompile Include="C:\Users\ivrod\Documents\irg\irglab\irgLab\dependencies\assimp\code\Common\VertexTriangleAdjacency.cpp">
      <Filter>Common</Filter>
    </ClCompile>
    <ClCompile Include="C:\Users\ivrod\Documents\irg\irglab\irgLab\dependencies\assimp\code\Common\SpatialSort.cpp">
      <Filter>Common</Filter>
    </ClCompile>
    <ClCompile Include="C:\Users\ivrod\Documents\irg\irglab\irgLab\dependencies\assimp\code\Common\SceneCombiner.cpp">
      <Filter>Common</Filter>
    </ClCompile>
    <ClCompile Include="C:\Users\ivrod\Documents\irg\irglab\irgLab\dependencies\assimp\code\Common\ScenePreprocessor.cpp">
      <Filter>Common</Filter>
    </ClCompile>
    <ClCompile Include="C:\Users\ivrod\Documents\irg\irglab\irgLab\dependencies\assimp\code\Common\SkeletonMeshBuilder.cpp">
      <Filter>Common</Filter>
    </ClCompile>
    <ClCompile Include="C:\Users\ivrod\Documents\irg\irglab\irgLab\dependencies\assimp\code\Common\StandardShapes.cpp">
      <Filter>Common</Filter>
    </ClCompile>
    <ClCompile Include="C:\Users\ivrod\Documents\irg\irglab\irgLab\dependencies\assimp\code\Common\TargetAnimation.cpp">
      <Filter>Common</Filter>
    </ClCompile>
    <ClCompile Include="C:\Users\ivrod\Documents\irg\irglab\irgLab\dependencies\assimp\code\Common\RemoveComments.cpp">
      <Filter>Common</Filter>
    </ClCompile>
    <ClCompile Include="C:\Users\ivrod\Documents\irg\irglab\irgLab\dependencies\assimp\code\Common\Subdivision.cpp">
      <Filter>Common</Filter>
    </ClCompile>
    <ClCompile Include="C:\Users\ivrod\Documents\irg\irglab\irgLab\dependencies\assimp\code\Common\scene.cpp">
      <Filter>Common</Filter>
    </ClCompile>
    <ClCompile Include="C:\Users\ivrod\Documents\irg\irglab\irgLab\dependencies\assimp\code\Common\Bitmap.cpp">
      <Filter>Common</Filter>
    </ClCompile>
    <ClCompile Include="C:\Users\ivrod\Documents\irg\irglab\irgLab\dependencies\assimp\code\Common\Version.cpp">
      <Filter>Common</Filter>
    </ClCompile>
    <ClCompile Include="C:\Users\ivrod\Documents\irg\irglab\irgLab\dependencies\assimp\code\Common\CreateAnimMesh.cpp">
      <Filter>Common</Filter>
    </ClCompile>
    <ClCompile Include="C:\Users\ivrod\Documents\irg\irglab\irgLab\dependencies\assimp\code\Common\simd.cpp">
      <Filter>Common</Filter>
    </ClCompile>
    <ClCompile Include="C:\Users\ivrod\Documents\irg\irglab\irgLab\dependencies\assimp\code\Common\material.cpp">
      <Filter>Common</Filter>
    </ClCompile>
    <ClCompile Include="C:\Users\ivrod\Documents\irg\irglab\irgLab\dependencies\assimp\code\Common\AssertHandler.cpp">
      <Filter>Common</Filter>
    </ClCompile>
    <ClCompile Include="C:\Users\ivrod\Documents\irg\irglab\irgLab\dependencies\assimp\code\Common\Exceptional.cpp">
      <Filter>Common</Filter>
    </ClCompile>
    <ClCompile Include="C:\Users\ivrod\Documents\irg\irglab\irgLab\dependencies\assimp\code\Common\Base64.cpp">
      <Filter>Common</Filter>
    </ClCompile>
    <ClCompile Include="C:\Users\ivrod\Documents\irg\irglab\irgLab\dependencies\assimp\code\Geometry\GeometryUtils.cpp">
      <Filter>Geometry</Filter>
    </ClCompile>
    <ClCompile Include="C:\Users\ivrod\Documents\irg\irglab\irgLab\dependencies\assimp\code\Common\DefaultLogger.cpp">
      <Filter>Logging</Filter>
    </ClCompile>
    <ClCompile Include="C:\Users\ivrod\Documents\irg\irglab\irgLab\dependencies\assimp\code\Common\Exporter.cpp">
      <Filter>Exporter</Filter>
    </ClCompile>
    <ClCompile Include="C:\Users\ivrod\Documents\irg\irglab\irgLab\dependencies\assimp\code\CApi\AssimpCExport.cpp">
      <Filter>Exporter</Filter>
    </ClCompile>
    <ClCompile Include="C:\Users\ivrod\Documents\irg\irglab\irgLab\dependencies\assimp\code\PostProcessing\CalcTangentsProcess.cpp">
      <Filter>PostProcessing</Filter>
    </ClCompile>
    <ClCompile Include="C:\Users\ivrod\Documents\irg\irglab\irgLab\dependencies\assimp\code\PostProcessing\ComputeUVMappingProcess.cpp">
      <Filter>PostProcessing</Filter>
    </ClCompile>
    <ClCompile Include="C:\Users\ivrod\Documents\irg\irglab\irgLab\dependencies\assimp\code\PostProcessing\ConvertToLHProcess.cpp">
      <Filter>PostProcessing</Filter>
    </ClCompile>
    <ClCompile Include="C:\Users\ivrod\Documents\irg\irglab\irgLab\dependencies\assimp\code\PostProcessing\EmbedTexturesProcess.cpp">
      <Filter>PostProcessing</Filter>
    </ClCompile>
    <ClCompile Include="C:\Users\ivrod\Documents\irg\irglab\irgLab\dependencies\assimp\code\PostProcessing\FindDegenerates.cpp">
      <Filter>PostProcessing</Filter>
    </ClCompile>
    <ClCompile Include="C:\Users\ivrod\Documents\irg\irglab\irgLab\dependencies\assimp\code\PostProcessing\FindInstancesProcess.cpp">
      <Filter>PostProcessing</Filter>
    </ClCompile>
    <ClCompile Include="C:\Users\ivrod\Documents\irg\irglab\irgLab\dependencies\assimp\code\PostProcessing\FindInvalidDataProcess.cpp">
      <Filter>PostProcessing</Filter>
    </ClCompile>
    <ClCompile Include="C:\Users\ivrod\Documents\irg\irglab\irgLab\dependencies\assimp\code\PostProcessing\FixNormalsStep.cpp">
      <Filter>PostProcessing</Filter>
    </ClCompile>
    <ClCompile Include="C:\Users\ivrod\Documents\irg\irglab\irgLab\dependencies\assimp\code\PostProcessing\DropFaceNormalsProcess.cpp">
      <Filter>PostProcessing</Filter>
    </ClCompile>
    <ClCompile Include="C:\Users\ivrod\Documents\irg\irglab\irgLab\dependencies\assimp\code\PostProcessing\GenFaceNormalsProcess.cpp">
      <Filter>PostProcessing</Filter>
    </ClCompile>
    <ClCompile Include="C:\Users\ivrod\Documents\irg\irglab\irgLab\dependencies\assimp\code\PostProcessing\GenVertexNormalsProcess.cpp">
      <Filter>PostProcessing</Filter>
    </ClCompile>
    <ClCompile Include="C:\Users\ivrod\Documents\irg\irglab\irgLab\dependencies\assimp\code\PostProcessing\PretransformVertices.cpp">
      <Filter>PostProcessing</Filter>
    </ClCompile>
    <ClCompile Include="C:\Users\ivrod\Documents\irg\irglab\irgLab\dependencies\assimp\code\PostProcessing\ImproveCacheLocality.cpp">
      <Filter>PostProcessing</Filter>
    </ClCompile>
    <ClCompile Include="C:\Users\ivrod\Documents\irg\irglab\irgLab\dependencies\assimp\code\PostProcessing\JoinVerticesProcess.cpp">
      <Filter>PostProcessing</Filter>
    </ClCompile>
    <ClCompile Include="C:\Users\ivrod\Documents\irg\irglab\irgLab\dependencies\assimp\code\PostProcessing\LimitBoneWeightsProcess.cpp">
      <Filter>PostProcessing</Filter>
    </ClCompile>
    <ClCompile Include="C:\Users\ivrod\Documents\irg\irglab\irgLab\dependencies\assimp\code\PostProcessing\RemoveRedundantMaterials.cpp">
      <Filter>PostProcessing</Filter>
    </ClCompile>
    <ClCompile Include="C:\Users\ivrod\Documents\irg\irglab\irgLab\dependencies\assimp\code\PostProcessing\RemoveVCProcess.cpp">
      <Filter>PostProcessing</Filter>
    </ClCompile>
    <ClCompile Include="C:\Users\ivrod\Documents\irg\irglab\irgLab\dependencies\assimp\code\PostProcessing\SortByPTypeProcess.cpp">
      <Filter>PostProcessing</Filter>
    </ClCompile>
    <ClCompile Include="C:\Users\ivrod\Documents\irg\irglab\irgLab\dependencies\assimp\code\PostProcessing\SplitLargeMeshes.cpp">
      <Filter>PostProcessing</Filter>
    </ClCompile>
    <ClCompile Include="C:\Users\ivrod\Documents\irg\irglab\irgLab\dependencies\assimp\code\PostProcessing\TextureTransform.cpp">
      <Filter>PostProcessing</Filter>
    </ClCompile>
    <ClCompile Include="C:\Users\ivrod\Documents\irg\irglab\irgLab\dependencies\assimp\code\PostProcessing\TriangulateProcess.cpp">
      <Filter>PostProcessing</Filter>
    </ClCompile>
    <ClCompile Include="C:\Users\ivrod\Documents\irg\irglab\irgLab\dependencies\assimp\code\PostProcessing\ValidateDataStructure.cpp">
      <Filter>PostProcessing</Filter>
    </ClCompile>
    <ClCompile Include="C:\Users\ivrod\Documents\irg\irglab\irgLab\dependencies\assimp\code\PostProcessing\OptimizeGraph.cpp">
      <Filter>PostProcessing</Filter>
    </ClCompile>
    <ClCompile Include="C:\Users\ivrod\Documents\irg\irglab\irgLab\dependencies\assimp\code\PostProcessing\OptimizeMeshes.cpp">
      <Filter>PostProcessing</Filter>
    </ClCompile>
    <ClCompile Include="C:\Users\ivrod\Documents\irg\irglab\irgLab\dependencies\assimp\code\PostProcessing\DeboneProcess.cpp">
      <Filter>PostProcessing</Filter>
    </ClCompile>
    <ClCompile Include="C:\Users\ivrod\Documents\irg\irglab\irgLab\dependencies\assimp\code\PostProcessing\ProcessHelper.cpp">
      <Filter>PostProcessing</Filter>
    </ClCompile>
    <ClCompile Include="C:\Users\ivrod\Documents\irg\irglab\irgLab\dependencies\assimp\code\PostProcessing\MakeVerboseFormat.cpp">
      <Filter>PostProcessing</Filter>
    </ClCompile>
    <ClCompile Include="C:\Users\ivrod\Documents\irg\irglab\irgLab\dependencies\assimp\code\PostProcessing\ScaleProcess.cpp">
      <Filter>PostProcessing</Filter>
    </ClCompile>
    <ClCompile Include="C:\Users\ivrod\Documents\irg\irglab\irgLab\dependencies\assimp\code\PostProcessing\ArmaturePopulate.cpp">
      <Filter>PostProcessing</Filter>
    </ClCompile>
    <ClCompile Include="C:\Users\ivrod\Documents\irg\irglab\irgLab\dependencies\assimp\code\PostProcessing\GenBoundingBoxesProcess.cpp">
      <Filter>PostProcessing</Filter>
    </ClCompile>
    <ClCompile Include="C:\Users\ivrod\Documents\irg\irglab\irgLab\dependencies\assimp\code\PostProcessing\SplitByBoneCountProcess.cpp">
      <Filter>PostProcessing</Filter>
    </ClCompile>
    <ClCompile Include="C:\Users\ivrod\Documents\irg\irglab\irgLab\dependencies\assimp\code\Material\MaterialSystem.cpp">
      <Filter>MaterialSystem</Filter>
    </ClCompile>
    <ClCompile Include="C:\Users\ivrod\Documents\irg\irglab\irgLab\dependencies\assimp\code\AssetLib\STEPParser\STEPFileReader.cpp">
      <Filter>STEPParser</Filter>
    </ClCompile>
    <ClCompile Include="C:\Users\ivrod\Documents\irg\irglab\irgLab\dependencies\assimp\code\AssetLib\STEPParser\STEPFileEncoding.cpp">
      <Filter>STEPParser</Filter>
    </ClCompile>
    <ClCompile Include="C:\Users\ivrod\Documents\irg\irglab\irgLab\dependencies\assimp\code\AssetLib\glTFCommon\glTFCommon.cpp">
      <Filter>glTFCommon</Filter>
    </ClCompile>
    <ClCompile Include="C:\Users\ivrod\Documents\irg\irglab\irgLab\dependencies\assimp\code\AssetLib\Obj\ObjFileImporter.cpp">
      <Filter>AssetLib\OBJ</Filter>
    </ClCompile>
    <ClCompile Include="C:\Users\ivrod\Documents\irg\irglab\irgLab\dependencies\assimp\code\AssetLib\Obj\ObjFileMtlImporter.cpp">
      <Filter>AssetLib\OBJ</Filter>
    </ClCompile>
    <ClCompile Include="C:\Users\ivrod\Documents\irg\irglab\irgLab\dependencies\assimp\code\AssetLib\Obj\ObjFileParser.cpp">
      <Filter>AssetLib\OBJ</Filter>
    </ClCompile>
    <ClCompile Include="C:\Users\ivrod\Documents\irg\irglab\irgLab\dependencies\assimp\code\AssetLib\Obj\ObjExporter.cpp">
      <Filter>AssetLib\OBJ</Filter>
    </ClCompile>
    <ClCompile Include="C:\Users\ivrod\Documents\irg\irglab\irgLab\dependencies\assimp\code\AssetLib\FBX\FBXUtil.cpp">
      <Filter>Source Files</Filter>
    </ClCompile>
    <ClCompile Include="C:\Users\ivrod\Documents\irg\irglab\irgLab\dependencies\assimp\contrib\unzip\ioapi.c">
      <Filter>Contrib\unzip</Filter>
    </ClCompile>
    <ClCompile Include="C:\Users\ivrod\Documents\irg\irglab\irgLab\dependencies\assimp\contrib\unzip\unzip.c">
      <Filter>Contrib\unzip</Filter>
    </ClCompile>
    <ClCompile Include="C:\Users\ivrod\Documents\irg\irglab\irgLab\dependencies\assimp\contrib\poly2tri\poly2tri\common\shapes.cc">
      <Filter>Contrib\Poly2Tri</Filter>
    </ClCompile>
    <ClCompile Include="C:\Users\ivrod\Documents\irg\irglab\irgLab\dependencies\assimp\contrib\poly2tri\poly2tri\sweep\advancing_front.cc">
      <Filter>Contrib\Poly2Tri</Filter>
    </ClCompile>
    <ClCompile Include="C:\Users\ivrod\Documents\irg\irglab\irgLab\dependencies\assimp\contrib\poly2tri\poly2tri\sweep\cdt.cc">
      <Filter>Contrib\Poly2Tri</Filter>
    </ClCompile>
    <ClCompile Include="C:\Users\ivrod\Documents\irg\irglab\irgLab\dependencies\assimp\contrib\poly2tri\poly2tri\sweep\sweep.cc">
      <Filter>Contrib\Poly2Tri</Filter>
    </ClCompile>
    <ClCompile Include="C:\Users\ivrod\Documents\irg\irglab\irgLab\dependencies\assimp\contrib\poly2tri\poly2tri\sweep\sweep_context.cc">
      <Filter>Contrib\Poly2Tri</Filter>
    </ClCompile>
    <ClCompile Include="C:\Users\ivrod\Documents\irg\irglab\irgLab\dependencies\assimp\contrib\clipper\clipper.cpp">
      <Filter>Contrib\Clipper</Filter>
    </ClCompile>
    <ClCompile Include="C:\Users\ivrod\Documents\irg\irglab\irgLab\dependencies\assimp\contrib\openddlparser\code\OpenDDLParser.cpp">
      <Filter>Contrib\openddl_parser</Filter>
    </ClCompile>
    <ClCompile Include="C:\Users\ivrod\Documents\irg\irglab\irgLab\dependencies\assimp\contrib\openddlparser\code\DDLNode.cpp">
      <Filter>Contrib\openddl_parser</Filter>
    </ClCompile>
    <ClCompile Include="C:\Users\ivrod\Documents\irg\irglab\irgLab\dependencies\assimp\contrib\openddlparser\code\OpenDDLCommon.cpp">
      <Filter>Contrib\openddl_parser</Filter>
    </ClCompile>
    <ClCompile Include="C:\Users\ivrod\Documents\irg\irglab\irgLab\dependencies\assimp\contrib\openddlparser\code\OpenDDLExport.cpp">
      <Filter>Contrib\openddl_parser</Filter>
    </ClCompile>
    <ClCompile Include="C:\Users\ivrod\Documents\irg\irglab\irgLab\dependencies\assimp\contrib\openddlparser\code\Value.cpp">
      <Filter>Contrib\openddl_parser</Filter>
    </ClCompile>
    <ClCompile Include="C:\Users\ivrod\Documents\irg\irglab\irgLab\dependencies\assimp\contrib\openddlparser\code\OpenDDLStream.cpp">
      <Filter>Contrib\openddl_parser</Filter>
    </ClCompile>
    <ClCompile Include="C:\Users\ivrod\Documents\irg\irglab\irgLab\dependencies\assimp\contrib\Open3DGC\o3dgcArithmeticCodec.cpp">
      <Filter>Contrib\open3dgc</Filter>
    </ClCompile>
    <ClCompile Include="C:\Users\ivrod\Documents\irg\irglab\irgLab\dependencies\assimp\contrib\Open3DGC\o3dgcDynamicVectorDecoder.cpp">
      <Filter>Contrib\open3dgc</Filter>
    </ClCompile>
    <ClCompile Include="C:\Users\ivrod\Documents\irg\irglab\irgLab\dependencies\assimp\contrib\Open3DGC\o3dgcDynamicVectorEncoder.cpp">
      <Filter>Contrib\open3dgc</Filter>
    </ClCompile>
    <ClCompile Include="C:\Users\ivrod\Documents\irg\irglab\irgLab\dependencies\assimp\contrib\Open3DGC\o3dgcTools.cpp">
      <Filter>Contrib\open3dgc</Filter>
    </ClCompile>
    <ClCompile Include="C:\Users\ivrod\Documents\irg\irglab\irgLab\dependencies\assimp\contrib\Open3DGC\o3dgcTriangleFans.cpp">
      <Filter>Contrib\open3dgc</Filter>
    </ClCompile>
    <ClCompile Include="C:\Users\ivrod\Documents\irg\irglab\irgLab\dependencies\assimp\contrib\pugixml\src\pugixml.cpp">
      <Filter>Contrib\Pugixml</Filter>
    </ClCompile>
  </ItemGroup>
  <ItemGroup>
    <ClInclude Include="C:\Users\ivrod\Documents\irg\irglab\irgLab\dependencies\assimp\code\CApi\CInterfaceIOWrapper.h">
      <Filter>CApi</Filter>
    </ClInclude>
    <ClInclude Include="C:\Users\ivrod\Documents\irg\irglab\irgLab\dependencies\assimp\code\Common\StbCommon.h">
      <Filter>Common</Filter>
    </ClInclude>
    <ClInclude Include="C:\Users\ivrod\Documents\irg\irglab\irgLab\dependencies\assimp\code\Common\Compression.h">
      <Filter>Common</Filter>
    </ClInclude>
    <ClInclude Include="C:\Users\ivrod\Documents\irg\irglab\irgLab\dependencies\assimp\code\Common\BaseProcess.h">
      <Filter>Common</Filter>
    </ClInclude>
    <ClInclude Include="C:\Users\ivrod\Documents\irg\irglab\irgLab\dependencies\assimp\code\Common\Importer.h">
      <Filter>Common</Filter>
    </ClInclude>
    <ClInclude Include="C:\Users\ivrod\Documents\irg\irglab\irgLab\dependencies\assimp\code\Common\ScenePrivate.h">
      <Filter>Common</Filter>
    </ClInclude>
    <ClInclude Include="C:\Users\ivrod\Documents\irg\irglab\irgLab\dependencies\assimp\code\Common\DefaultProgressHandler.h">
      <Filter>Common</Filter>
    </ClInclude>
    <ClInclude Include="C:\Users\ivrod\Documents\irg\irglab\irgLab\dependencies\assimp\code\Common\PolyTools.h">
      <Filter>Common</Filter>
    </ClInclude>
    <ClInclude Include="C:\Users\ivrod\Documents\irg\irglab\irgLab\dependencies\assimp\code\Common\Maybe.h">
      <Filter>Common</Filter>
    </ClInclude>
    <ClInclude Include="C:\Users\ivrod\Documents\irg\irglab\irgLab\dependencies\assimp\code\Common\IFF.h">
      <Filter>Common</Filter>
    </ClInclude>
    <ClInclude Include="C:\Users\ivrod\Documents\irg\irglab\irgLab\dependencies\assimp\code\Common\VertexTriangleAdjacency.h">
      <Filter>Common</Filter>
    </ClInclude>
    <ClInclude Include="C:\Users\ivrod\Documents\irg\irglab\irgLab\dependencies\assimp\code\Common\ScenePreprocessor.h">
      <Filter>Common</Filter>
    </ClInclude>
    <ClInclude Include="C:\Users\ivrod\Documents\irg\irglab\irgLab\dependencies\assimp\code\Common\StackAllocator.h">
      <Filter>Common</Filter>
    </ClInclude>
    <ClInclude Include="C:\Users\ivrod\Documents\irg\irglab\irgLab\dependencies\assimp\code\Common\StackAllocator.inl">
      <Filter>Common</Filter>
    </ClInclude>
    <ClInclude Include="C:\Users\ivrod\Documents\irg\irglab\irgLab\dependencies\assimp\code\Common\TargetAnimation.h">
      <Filter>Common</Filter>
    </ClInclude>
    <ClInclude Include="C:\Users\ivrod\Documents\irg\irglab\irgLab\dependencies\assimp\code\Common\simd.h">
      <Filter>Common</Filter>
    </ClInclude>
    <ClInclude Include="C:\Users\ivrod\Documents\irg\irglab\irgLab\dependencies\assimp\code\Geometry\GeometryUtils.h">
      <Filter>Geometry</Filter>
    </ClInclude>
    <ClInclude Include="C:\Users\ivrod\Documents\irg\irglab\irgLab\dependencies\assimp\include\assimp\DefaultLogger.hpp">
      <Filter>include\assimp</Filter>
    </ClInclude>
    <ClInclude Include="C:\Users\ivrod\Documents\irg\irglab\irgLab\dependencies\assimp\include\assimp\LogStream.hpp">
      <Filter>include\assimp</Filter>
    </ClInclude>
    <ClInclude Include="C:\Users\ivrod\Documents\irg\irglab\irgLab\dependencies\assimp\include\assimp\Logger.hpp">
      <Filter>include\assimp</Filter>
    </ClInclude>
    <ClInclude Include="C:\Users\ivrod\Documents\irg\irglab\irgLab\dependencies\assimp\include\assimp\NullLogger.hpp">
      <Filter>include\assimp</Filter>
    </ClInclude>
    <ClInclude Include="C:\Users\ivrod\Documents\irg\irglab\irgLab\dependencies\assimp\code\Common\Win32DebugLogStream.h">
      <Filter>Logging</Filter>
    </ClInclude>
    <ClInclude Include="C:\Users\ivrod\Documents\irg\irglab\irgLab\dependencies\assimp\code\Common\FileLogStream.h">
      <Filter>Logging</Filter>
    </ClInclude>
    <ClInclude Include="C:\Users\ivrod\Documents\irg\irglab\irgLab\dependencies\assimp\code\Common\StdOStreamLogStream.h">
      <Filter>Logging</Filter>
    </ClInclude>
    <ClInclude Include="C:\Users\ivrod\Documents\irg\irglab\irgLab\dependencies\assimp\include\assimp\BlobIOSystem.h">
      <Filter>include\assimp</Filter>
    </ClInclude>
    <ClInclude Include="C:\Users\ivrod\Documents\irg\irglab\irgLab\dependencies\assimp\code\PostProcessing\CalcTangentsProcess.h">
      <Filter>PostProcessing</Filter>
    </ClInclude>
    <ClInclude Include="C:\Users\ivrod\Documents\irg\irglab\irgLab\dependencies\assimp\code\PostProcessing\ComputeUVMappingProcess.h">
      <Filter>PostProcessing</Filter>
    </ClInclude>
    <ClInclude Include="C:\Users\ivrod\Documents\irg\irglab\irgLab\dependencies\assimp\code\PostProcessing\ConvertToLHProcess.h">
      <Filter>PostProcessing</Filter>
    </ClInclude>
    <ClInclude Include="C:\Users\ivrod\Documents\irg\irglab\irgLab\dependencies\assimp\code\PostProcessing\EmbedTexturesProcess.h">
      <Filter>PostProcessing</Filter>
    </ClInclude>
    <ClInclude Include="C:\Users\ivrod\Documents\irg\irglab\irgLab\dependencies\assimp\code\PostProcessing\FindDegenerates.h">
      <Filter>PostProcessing</Filter>
    </ClInclude>
    <ClInclude Include="C:\Users\ivrod\Documents\irg\irglab\irgLab\dependencies\assimp\code\PostProcessing\FindInstancesProcess.h">
      <Filter>PostProcessing</Filter>
    </ClInclude>
    <ClInclude Include="C:\Users\ivrod\Documents\irg\irglab\irgLab\dependencies\assimp\code\PostProcessing\FindInvalidDataProcess.h">
      <Filter>PostProcessing</Filter>
    </ClInclude>
    <ClInclude Include="C:\Users\ivrod\Documents\irg\irglab\irgLab\dependencies\assimp\code\PostProcessing\FixNormalsStep.h">
      <Filter>PostProcessing</Filter>
    </ClInclude>
    <ClInclude Include="C:\Users\ivrod\Documents\irg\irglab\irgLab\dependencies\assimp\code\PostProcessing\DropFaceNormalsProcess.h">
      <Filter>PostProcessing</Filter>
    </ClInclude>
    <ClInclude Include="C:\Users\ivrod\Documents\irg\irglab\irgLab\dependencies\assimp\code\PostProcessing\GenFaceNormalsProcess.h">
      <Filter>PostProcessing</Filter>
    </ClInclude>
    <ClInclude Include="C:\Users\ivrod\Documents\irg\irglab\irgLab\dependencies\assimp\code\PostProcessing\GenVertexNormalsProcess.h">
      <Filter>PostProcessing</Filter>
    </ClInclude>
    <ClInclude Include="C:\Users\ivrod\Documents\irg\irglab\irgLab\dependencies\assimp\code\PostProcessing\PretransformVertices.h">
      <Filter>PostProcessing</Filter>
    </ClInclude>
    <ClInclude Include="C:\Users\ivrod\Documents\irg\irglab\irgLab\dependencies\assimp\code\PostProcessing\ImproveCacheLocality.h">
      <Filter>PostProcessing</Filter>
    </ClInclude>
    <ClInclude Include="C:\Users\ivrod\Documents\irg\irglab\irgLab\dependencies\assimp\code\PostProcessing\JoinVerticesProcess.h">
      <Filter>PostProcessing</Filter>
    </ClInclude>
    <ClInclude Include="C:\Users\ivrod\Documents\irg\irglab\irgLab\dependencies\assimp\code\PostProcessing\LimitBoneWeightsProcess.h">
      <Filter>PostProcessing</Filter>
    </ClInclude>
    <ClInclude Include="C:\Users\ivrod\Documents\irg\irglab\irgLab\dependencies\assimp\code\PostProcessing\RemoveRedundantMaterials.h">
      <Filter>PostProcessing</Filter>
    </ClInclude>
    <ClInclude Include="C:\Users\ivrod\Documents\irg\irglab\irgLab\dependencies\assimp\code\PostProcessing\RemoveVCProcess.h">
      <Filter>PostProcessing</Filter>
    </ClInclude>
    <ClInclude Include="C:\Users\ivrod\Documents\irg\irglab\irgLab\dependencies\assimp\code\PostProcessing\SortByPTypeProcess.h">
      <Filter>PostProcessing</Filter>
    </ClInclude>
    <ClInclude Include="C:\Users\ivrod\Documents\irg\irglab\irgLab\dependencies\assimp\code\PostProcessing\SplitLargeMeshes.h">
      <Filter>PostProcessing</Filter>
    </ClInclude>
    <ClInclude Include="C:\Users\ivrod\Documents\irg\irglab\irgLab\dependencies\assimp\code\PostProcessing\TextureTransform.h">
      <Filter>PostProcessing</Filter>
    </ClInclude>
    <ClInclude Include="C:\Users\ivrod\Documents\irg\irglab\irgLab\dependencies\assimp\code\PostProcessing\TriangulateProcess.h">
      <Filter>PostProcessing</Filter>
    </ClInclude>
    <ClInclude Include="C:\Users\ivrod\Documents\irg\irglab\irgLab\dependencies\assimp\code\PostProcessing\ValidateDataStructure.h">
      <Filter>PostProcessing</Filter>
    </ClInclude>
    <ClInclude Include="C:\Users\ivrod\Documents\irg\irglab\irgLab\dependencies\assimp\code\PostProcessing\OptimizeGraph.h">
      <Filter>PostProcessing</Filter>
    </ClInclude>
    <ClInclude Include="C:\Users\ivrod\Documents\irg\irglab\irgLab\dependencies\assimp\code\PostProcessing\OptimizeMeshes.h">
      <Filter>PostProcessing</Filter>
    </ClInclude>
    <ClInclude Include="C:\Users\ivrod\Documents\irg\irglab\irgLab\dependencies\assimp\code\PostProcessing\DeboneProcess.h">
      <Filter>PostProcessing</Filter>
    </ClInclude>
    <ClInclude Include="C:\Users\ivrod\Documents\irg\irglab\irgLab\dependencies\assimp\code\PostProcessing\ProcessHelper.h">
      <Filter>PostProcessing</Filter>
    </ClInclude>
    <ClInclude Include="C:\Users\ivrod\Documents\irg\irglab\irgLab\dependencies\assimp\code\PostProcessing\MakeVerboseFormat.h">
      <Filter>PostProcessing</Filter>
    </ClInclude>
    <ClInclude Include="C:\Users\ivrod\Documents\irg\irglab\irgLab\dependencies\assimp\code\PostProcessing\ScaleProcess.h">
      <Filter>PostProcessing</Filter>
    </ClInclude>
    <ClInclude Include="C:\Users\ivrod\Documents\irg\irglab\irgLab\dependencies\assimp\code\PostProcessing\ArmaturePopulate.h">
      <Filter>PostProcessing</Filter>
    </ClInclude>
    <ClInclude Include="C:\Users\ivrod\Documents\irg\irglab\irgLab\dependencies\assimp\code\PostProcessing\GenBoundingBoxesProcess.h">
      <Filter>PostProcessing</Filter>
    </ClInclude>
    <ClInclude Include="C:\Users\ivrod\Documents\irg\irglab\irgLab\dependencies\assimp\code\PostProcessing\SplitByBoneCountProcess.h">
      <Filter>PostProcessing</Filter>
    </ClInclude>
    <ClInclude Include="C:\Users\ivrod\Documents\irg\irglab\irgLab\dependencies\assimp\code\Material\MaterialSystem.h">
      <Filter>MaterialSystem</Filter>
    </ClInclude>
    <ClInclude Include="C:\Users\ivrod\Documents\irg\irglab\irgLab\dependencies\assimp\code\AssetLib\STEPParser\STEPFileReader.h">
      <Filter>STEPParser</Filter>
    </ClInclude>
    <ClInclude Include="C:\Users\ivrod\Documents\irg\irglab\irgLab\dependencies\assimp\code\AssetLib\STEPParser\STEPFileEncoding.h">
      <Filter>STEPParser</Filter>
    </ClInclude>
    <ClInclude Include="C:\Users\ivrod\Documents\irg\irglab\irgLab\dependencies\assimp\code\AssetLib\glTFCommon\glTFCommon.h">
      <Filter>glTFCommon</Filter>
    </ClInclude>
    <ClInclude Include="C:\Users\ivrod\Documents\irg\irglab\irgLab\dependencies\assimp\code\AssetLib\Obj\ObjFileData.h">
      <Filter>AssetLib\OBJ</Filter>
    </ClInclude>
    <ClInclude Include="C:\Users\ivrod\Documents\irg\irglab\irgLab\dependencies\assimp\code\AssetLib\Obj\ObjFileImporter.h">
      <Filter>AssetLib\OBJ</Filter>
    </ClInclude>
    <ClInclude Include="C:\Users\ivrod\Documents\irg\irglab\irgLab\dependencies\assimp\code\AssetLib\Obj\ObjFileMtlImporter.h">
      <Filter>AssetLib\OBJ</Filter>
    </ClInclude>
    <ClInclude Include="C:\Users\ivrod\Documents\irg\irglab\irgLab\dependencies\assimp\code\AssetLib\Obj\ObjFileParser.h">
      <Filter>AssetLib\OBJ</Filter>
    </ClInclude>
    <ClInclude Include="C:\Users\ivrod\Documents\irg\irglab\irgLab\dependencies\assimp\code\AssetLib\Obj\ObjTools.h">
      <Filter>AssetLib\OBJ</Filter>
    </ClInclude>
    <ClInclude Include="C:\Users\ivrod\Documents\irg\irglab\irgLab\dependencies\assimp\code\AssetLib\Obj\ObjExporter.h">
      <Filter>AssetLib\OBJ</Filter>
    </ClInclude>
    <ClInclude Include="C:\Users\ivrod\Documents\irg\irglab\irgLab\dependencies\assimp\code\AssetLib\FBX\FBXUtil.h">
      <Filter>Header Files</Filter>
    </ClInclude>
    <ClInclude Include="C:\Users\ivrod\Documents\irg\irglab\irgLab\dependencies\assimp\code\AssetLib\FBX\FBXCommon.h">
      <Filter>Header Files</Filter>
    </ClInclude>
    <ClInclude Include="C:\Users\ivrod\Documents\irg\irglab\irgLab\dependencies\assimp\contrib\unzip\crypt.h">
      <Filter>Contrib\unzip</Filter>
    </ClInclude>
    <ClInclude Include="C:\Users\ivrod\Documents\irg\irglab\irgLab\dependencies\assimp\contrib\unzip\ioapi.h">
      <Filter>Contrib\unzip</Filter>
    </ClInclude>
    <ClInclude Include="C:\Users\ivrod\Documents\irg\irglab\irgLab\dependencies\assimp\contrib\unzip\unzip.h">
      <Filter>Contrib\unzip</Filter>
    </ClInclude>
    <ClInclude Include="C:\Users\ivrod\Documents\irg\irglab\irgLab\dependencies\assimp\contrib\poly2tri\poly2tri\common\shapes.h">
      <Filter>Contrib\Poly2Tri</Filter>
    </ClInclude>
    <ClInclude Include="C:\Users\ivrod\Documents\irg\irglab\irgLab\dependencies\assimp\contrib\poly2tri\poly2tri\common\utils.h">
      <Filter>Contrib\Poly2Tri</Filter>
    </ClInclude>
    <ClInclude Include="C:\Users\ivrod\Documents\irg\irglab\irgLab\dependencies\assimp\contrib\poly2tri\poly2tri\sweep\advancing_front.h">
      <Filter>Contrib\Poly2Tri</Filter>
    </ClInclude>
    <ClInclude Include="C:\Users\ivrod\Documents\irg\irglab\irgLab\dependencies\assimp\contrib\poly2tri\poly2tri\sweep\cdt.h">
      <Filter>Contrib\Poly2Tri</Filter>
    </ClInclude>
    <ClInclude Include="C:\Users\ivrod\Documents\irg\irglab\irgLab\dependencies\assimp\contrib\poly2tri\poly2tri\sweep\sweep.h">
      <Filter>Contrib\Poly2Tri</Filter>
    </ClInclude>
    <ClInclude Include="C:\Users\ivrod\Documents\irg\irglab\irgLab\dependencies\assimp\contrib\poly2tri\poly2tri\sweep\sweep_context.h">
      <Filter>Contrib\Poly2Tri</Filter>
    </ClInclude>
    <ClInclude Include="C:\Users\ivrod\Documents\irg\irglab\irgLab\dependencies\assimp\contrib\clipper\clipper.hpp">
      <Filter>Contrib\Clipper</Filter>
    </ClInclude>
    <ClInclude Include="C:\Users\ivrod\Documents\irg\irglab\irgLab\dependencies\assimp\contrib\openddlparser\include\openddlparser\OpenDDLParser.h">
      <Filter>Contrib\openddl_parser</Filter>
    </ClInclude>
    <ClInclude Include="C:\Users\ivrod\Documents\irg\irglab\irgLab\dependencies\assimp\contrib\openddlparser\include\openddlparser\OpenDDLParserUtils.h">
      <Filter>Contrib\openddl_parser</Filter>
    </ClInclude>
    <ClInclude Include="C:\Users\ivrod\Documents\irg\irglab\irgLab\dependencies\assimp\contrib\openddlparser\include\openddlparser\OpenDDLCommon.h">
      <Filter>Contrib\openddl_parser</Filter>
    </ClInclude>
    <ClInclude Include="C:\Users\ivrod\Documents\irg\irglab\irgLab\dependencies\assimp\contrib\openddlparser\include\openddlparser\OpenDDLExport.h">
      <Filter>Contrib\openddl_parser</Filter>
    </ClInclude>
    <ClInclude Include="C:\Users\ivrod\Documents\irg\irglab\irgLab\dependencies\assimp\contrib\openddlparser\include\openddlparser\OpenDDLStream.h">
      <Filter>Contrib\openddl_parser</Filter>
    </ClInclude>
    <ClInclude Include="C:\Users\ivrod\Documents\irg\irglab\irgLab\dependencies\assimp\contrib\openddlparser\include\openddlparser\DDLNode.h">
      <Filter>Contrib\openddl_parser</Filter>
    </ClInclude>
    <ClInclude Include="C:\Users\ivrod\Documents\irg\irglab\irgLab\dependencies\assimp\contrib\openddlparser\include\openddlparser\Value.h">
      <Filter>Contrib\openddl_parser</Filter>
    </ClInclude>
    <ClInclude Include="C:\Users\ivrod\Documents\irg\irglab\irgLab\dependencies\assimp\contrib\Open3DGC\o3dgcAdjacencyInfo.h">
      <Filter>Contrib\open3dgc</Filter>
    </ClInclude>
    <ClInclude Include="C:\Users\ivrod\Documents\irg\irglab\irgLab\dependencies\assimp\contrib\Open3DGC\o3dgcArithmeticCodec.h">
      <Filter>Contrib\open3dgc</Filter>
    </ClInclude>
    <ClInclude Include="C:\Users\ivrod\Documents\irg\irglab\irgLab\dependencies\assimp\contrib\Open3DGC\o3dgcBinaryStream.h">
      <Filter>Contrib\open3dgc</Filter>
    </ClInclude>
    <ClInclude Include="C:\Users\ivrod\Documents\irg\irglab\irgLab\dependencies\assimp\contrib\Open3DGC\o3dgcCommon.h">
      <Filter>Contrib\open3dgc</Filter>
    </ClInclude>
    <ClInclude Include="C:\Users\ivrod\Documents\irg\irglab\irgLab\dependencies\assimp\contrib\Open3DGC\o3dgcDVEncodeParams.h">
      <Filter>Contrib\open3dgc</Filter>
    </ClInclude>
    <ClInclude Include="C:\Users\ivrod\Documents\irg\irglab\irgLab\dependencies\assimp\contrib\Open3DGC\o3dgcDynamicVectorDecoder.h">
      <Filter>Contrib\open3dgc</Filter>
    </ClInclude>
    <ClInclude Include="C:\Users\ivrod\Documents\irg\irglab\irgLab\dependencies\assimp\contrib\Open3DGC\o3dgcDynamicVectorEncoder.h">
      <Filter>Contrib\open3dgc</Filter>
    </ClInclude>
    <ClInclude Include="C:\Users\ivrod\Documents\irg\irglab\irgLab\dependencies\assimp\contrib\Open3DGC\o3dgcDynamicVector.h">
      <Filter>Contrib\open3dgc</Filter>
    </ClInclude>
    <ClInclude Include="C:\Users\ivrod\Documents\irg\irglab\irgLab\dependencies\assimp\contrib\Open3DGC\o3dgcFIFO.h">
      <Filter>Contrib\open3dgc</Filter>
    </ClInclude>
    <ClInclude Include="C:\Users\ivrod\Documents\irg\irglab\irgLab\dependencies\assimp\contrib\Open3DGC\o3dgcIndexedFaceSet.h">
      <Filter>Contrib\open3dgc</Filter>
    </ClInclude>
    <ClInclude Include="C:\Users\ivrod\Documents\irg\irglab\irgLab\dependencies\assimp\contrib\Open3DGC\o3dgcIndexedFaceSet.inl">
      <Filter>Contrib\open3dgc</Filter>
    </ClInclude>
    <ClInclude Include="C:\Users\ivrod\Documents\irg\irglab\irgLab\dependencies\assimp\contrib\Open3DGC\o3dgcSC3DMCDecoder.h">
      <Filter>Contrib\open3dgc</Filter>
    </ClInclude>
    <ClInclude Include="C:\Users\ivrod\Documents\irg\irglab\irgLab\dependencies\assimp\contrib\Open3DGC\o3dgcSC3DMCDecoder.inl">
      <Filter>Contrib\open3dgc</Filter>
    </ClInclude>
    <ClInclude Include="C:\Users\ivrod\Documents\irg\irglab\irgLab\dependencies\assimp\contrib\Open3DGC\o3dgcSC3DMCEncodeParams.h">
      <Filter>Contrib\open3dgc</Filter>
    </ClInclude>
    <ClInclude Include="C:\Users\ivrod\Documents\irg\irglab\irgLab\dependencies\assimp\contrib\Open3DGC\o3dgcSC3DMCEncoder.h">
      <Filter>Contrib\open3dgc</Filter>
    </ClInclude>
    <ClInclude Include="C:\Users\ivrod\Documents\irg\irglab\irgLab\dependencies\assimp\contrib\Open3DGC\o3dgcSC3DMCEncoder.inl">
      <Filter>Contrib\open3dgc</Filter>
    </ClInclude>
    <ClInclude Include="C:\Users\ivrod\Documents\irg\irglab\irgLab\dependencies\assimp\contrib\Open3DGC\o3dgcTimer.h">
      <Filter>Contrib\open3dgc</Filter>
    </ClInclude>
    <ClInclude Include="C:\Users\ivrod\Documents\irg\irglab\irgLab\dependencies\assimp\contrib\Open3DGC\o3dgcTriangleFans.h">
      <Filter>Contrib\open3dgc</Filter>
    </ClInclude>
    <ClInclude Include="C:\Users\ivrod\Documents\irg\irglab\irgLab\dependencies\assimp\contrib\Open3DGC\o3dgcTriangleListDecoder.h">
      <Filter>Contrib\open3dgc</Filter>
    </ClInclude>
    <ClInclude Include="C:\Users\ivrod\Documents\irg\irglab\irgLab\dependencies\assimp\contrib\Open3DGC\o3dgcTriangleListDecoder.inl">
      <Filter>Contrib\open3dgc</Filter>
    </ClInclude>
    <ClInclude Include="C:\Users\ivrod\Documents\irg\irglab\irgLab\dependencies\assimp\contrib\Open3DGC\o3dgcTriangleListEncoder.h">
      <Filter>Contrib\open3dgc</Filter>
    </ClInclude>
    <ClInclude Include="C:\Users\ivrod\Documents\irg\irglab\irgLab\dependencies\assimp\contrib\Open3DGC\o3dgcTriangleListEncoder.inl">
      <Filter>Contrib\open3dgc</Filter>
    </ClInclude>
    <ClInclude Include="C:\Users\ivrod\Documents\irg\irglab\irgLab\dependencies\assimp\contrib\Open3DGC\o3dgcVector.h">
      <Filter>Contrib\open3dgc</Filter>
    </ClInclude>
    <ClInclude Include="C:\Users\ivrod\Documents\irg\irglab\irgLab\dependencies\assimp\contrib\Open3DGC\o3dgcVector.inl">
      <Filter>Contrib\open3dgc</Filter>
    </ClInclude>
    <ClInclude Include="C:\Users\ivrod\Documents\irg\irglab\irgLab\dependencies\assimp\contrib\pugixml\src\pugiconfig.hpp">
      <Filter>Contrib\Pugixml</Filter>
    </ClInclude>
    <ClInclude Include="C:\Users\ivrod\Documents\irg\irglab\irgLab\dependencies\assimp\contrib\pugixml\src\pugixml.hpp">
      <Filter>Contrib\Pugixml</Filter>
    </ClInclude>
    <ClInclude Include="C:\Users\ivrod\Documents\irg\irglab\irgLab\dependencies\assimp\contrib\stb\stb_image.h">
      <Filter>Contrib\stb</Filter>
    </ClInclude>
    <ClInclude Include="C:\Users\ivrod\Documents\irg\irglab\irgLab\dependencies\assimp\include\assimp\anim.h">
      <Filter>include\assimp</Filter>
    </ClInclude>
    <ClInclude Include="C:\Users\ivrod\Documents\irg\irglab\irgLab\dependencies\assimp\include\assimp\aabb.h">
      <Filter>include\assimp</Filter>
    </ClInclude>
    <ClInclude Include="C:\Users\ivrod\Documents\irg\irglab\irgLab\dependencies\assimp\include\assimp\ai_assert.h">
      <Filter>include\assimp</Filter>
    </ClInclude>
    <ClInclude Include="C:\Users\ivrod\Documents\irg\irglab\irgLab\dependencies\assimp\include\assimp\camera.h">
      <Filter>include\assimp</Filter>
    </ClInclude>
    <ClInclude Include="C:\Users\ivrod\Documents\irg\irglab\irgLab\dependencies\assimp\include\assimp\color4.h">
      <Filter>include\assimp</Filter>
    </ClInclude>
    <ClInclude Include="C:\Users\ivrod\Documents\irg\irglab\irgLab\dependencies\assimp\include\assimp\color4.inl">
      <Filter>include\assimp</Filter>
    </ClInclude>
    <ClInclude Include="C:\Users\ivrod\Documents\irg\irglab\build\irgLab\dependencies\assimp\include\assimp\config.h">
      <Filter>include\assimp</Filter>
    </ClInclude>
    <ClInclude Include="C:\Users\ivrod\Documents\irg\irglab\irgLab\dependencies\assimp\include\assimp\ColladaMetaData.h">
      <Filter>include\assimp</Filter>
    </ClInclude>
    <ClInclude Include="C:\Users\ivrod\Documents\irg\irglab\irgLab\dependencies\assimp\include\assimp\commonMetaData.h">
      <Filter>include\assimp</Filter>
    </ClInclude>
    <ClInclude Include="C:\Users\ivrod\Documents\irg\irglab\irgLab\dependencies\assimp\include\assimp\defs.h">
      <Filter>include\assimp</Filter>
    </ClInclude>
    <ClInclude Include="C:\Users\ivrod\Documents\irg\irglab\irgLab\dependencies\assimp\include\assimp\cfileio.h">
      <Filter>include\assimp</Filter>
    </ClInclude>
    <ClInclude Include="C:\Users\ivrod\Documents\irg\irglab\irgLab\dependencies\assimp\include\assimp\light.h">
      <Filter>include\assimp</Filter>
    </ClInclude>
    <ClInclude Include="C:\Users\ivrod\Documents\irg\irglab\irgLab\dependencies\assimp\include\assimp\material.h">
      <Filter>include\assimp</Filter>
    </ClInclude>
    <ClInclude Include="C:\Users\ivrod\Documents\irg\irglab\irgLab\dependencies\assimp\include\assimp\material.inl">
      <Filter>include\assimp</Filter>
    </ClInclude>
    <ClInclude Include="C:\Users\ivrod\Documents\irg\irglab\irgLab\dependencies\assimp\include\assimp\matrix3x3.h">
      <Filter>include\assimp</Filter>
    </ClInclude>
    <ClInclude Include="C:\Users\ivrod\Documents\irg\irglab\irgLab\dependencies\assimp\include\assimp\matrix3x3.inl">
      <Filter>include\assimp</Filter>
    </ClInclude>
    <ClInclude Include="C:\Users\ivrod\Documents\irg\irglab\irgLab\dependencies\assimp\include\assimp\matrix4x4.h">
      <Filter>include\assimp</Filter>
    </ClInclude>
    <ClInclude Include="C:\Users\ivrod\Documents\irg\irglab\irgLab\dependencies\assimp\include\assimp\matrix4x4.inl">
      <Filter>include\assimp</Filter>
    </ClInclude>
    <ClInclude Include="C:\Users\ivrod\Documents\irg\irglab\irgLab\dependencies\assimp\include\assimp\mesh.h">
      <Filter>include\assimp</Filter>
    </ClInclude>
    <ClInclude Include="C:\Users\ivrod\Documents\irg\irglab\irgLab\dependencies\assimp\include\assimp\ObjMaterial.h">
      <Filter>include\assimp</Filter>
    </ClInclude>
    <ClInclude Include="C:\Users\ivrod\Documents\irg\irglab\irgLab\dependencies\assimp\include\assimp\pbrmaterial.h">
      <Filter>include\assimp</Filter>
    </ClInclude>
    <ClInclude Include="C:\Users\ivrod\Documents\irg\irglab\irgLab\dependencies\assimp\include\assimp\GltfMaterial.h">
      <Filter>include\assimp</Filter>
    </ClInclude>
    <ClInclude Include="C:\Users\ivrod\Documents\irg\irglab\irgLab\dependencies\assimp\include\assimp\postprocess.h">
      <Filter>include\assimp</Filter>
    </ClInclude>
    <ClInclude Include="C:\Users\ivrod\Documents\irg\irglab\irgLab\dependencies\assimp\include\assimp\quaternion.h">
      <Filter>include\assimp</Filter>
    </ClInclude>
    <ClInclude Include="C:\Users\ivrod\Documents\irg\irglab\irgLab\dependencies\assimp\include\assimp\quaternion.inl">
      <Filter>include\assimp</Filter>
    </ClInclude>
    <ClInclude Include="C:\Users\ivrod\Documents\irg\irglab\irgLab\dependencies\assimp\include\assimp\scene.h">
      <Filter>include\assimp</Filter>
    </ClInclude>
    <ClInclude Include="C:\Users\ivrod\Documents\irg\irglab\irgLab\dependencies\assimp\include\assimp\metadata.h">
      <Filter>include\assimp</Filter>
    </ClInclude>
    <ClInclude Include="C:\Users\ivrod\Documents\irg\irglab\irgLab\dependencies\assimp\include\assimp\texture.h">
      <Filter>include\assimp</Filter>
    </ClInclude>
    <ClInclude Include="C:\Users\ivrod\Documents\irg\irglab\irgLab\dependencies\assimp\include\assimp\types.h">
      <Filter>include\assimp</Filter>
    </ClInclude>
    <ClInclude Include="C:\Users\ivrod\Documents\irg\irglab\irgLab\dependencies\assimp\include\assimp\vector2.h">
      <Filter>include\assimp</Filter>
    </ClInclude>
    <ClInclude Include="C:\Users\ivrod\Documents\irg\irglab\irgLab\dependencies\assimp\include\assimp\vector2.inl">
      <Filter>include\assimp</Filter>
    </ClInclude>
    <ClInclude Include="C:\Users\ivrod\Documents\irg\irglab\irgLab\dependencies\assimp\include\assimp\vector3.h">
      <Filter>include\assimp</Filter>
    </ClInclude>
    <ClInclude Include="C:\Users\ivrod\Documents\irg\irglab\irgLab\dependencies\assimp\include\assimp\vector3.inl">
      <Filter>include\assimp</Filter>
    </ClInclude>
    <ClInclude Include="C:\Users\ivrod\Documents\irg\irglab\irgLab\dependencies\assimp\include\assimp\version.h">
      <Filter>include\assimp</Filter>
    </ClInclude>
    <ClInclude Include="C:\Users\ivrod\Documents\irg\irglab\irgLab\dependencies\assimp\include\assimp\cimport.h">
      <Filter>include\assimp</Filter>
    </ClInclude>
    <ClInclude Include="C:\Users\ivrod\Documents\irg\irglab\irgLab\dependencies\assimp\include\assimp\AssertHandler.h">
      <Filter>include\assimp</Filter>
    </ClInclude>
    <ClInclude Include="C:\Users\ivrod\Documents\irg\irglab\irgLab\dependencies\assimp\include\assimp\importerdesc.h">
      <Filter>include\assimp</Filter>
    </ClInclude>
    <ClInclude Include="C:\Users\ivrod\Documents\irg\irglab\irgLab\dependencies\assimp\include\assimp\Importer.hpp">
      <Filter>include\assimp</Filter>
    </ClInclude>
    <ClInclude Include="C:\Users\ivrod\Documents\irg\irglab\irgLab\dependencies\assimp\include\assimp\ProgressHandler.hpp">
      <Filter>include\assimp</Filter>
    </ClInclude>
    <ClInclude Include="C:\Users\ivrod\Documents\irg\irglab\irgLab\dependencies\assimp\include\assimp\IOStream.hpp">
      <Filter>include\assimp</Filter>
    </ClInclude>
    <ClInclude Include="C:\Users\ivrod\Documents\irg\irglab\irgLab\dependencies\assimp\include\assimp\IOSystem.hpp">
      <Filter>include\assimp</Filter>
    </ClInclude>
    <ClInclude Include="C:\Users\ivrod\Documents\irg\irglab\irgLab\dependencies\assimp\include\assimp\cexport.h">
      <Filter>include\assimp</Filter>
    </ClInclude>
    <ClInclude Include="C:\Users\ivrod\Documents\irg\irglab\irgLab\dependencies\assimp\include\assimp\Exporter.hpp">
      <Filter>include\assimp</Filter>
    </ClInclude>
    <ClInclude Include="C:\Users\ivrod\Documents\irg\irglab\irgLab\dependencies\assimp\include\assimp\DefaultIOStream.h">
      <Filter>include\assimp</Filter>
    </ClInclude>
    <ClInclude Include="C:\Users\ivrod\Documents\irg\irglab\irgLab\dependencies\assimp\include\assimp\DefaultIOSystem.h">
      <Filter>include\assimp</Filter>
    </ClInclude>
    <ClInclude Include="C:\Users\ivrod\Documents\irg\irglab\irgLab\dependencies\assimp\include\assimp\ZipArchiveIOSystem.h">
      <Filter>include\assimp</Filter>
    </ClInclude>
    <ClInclude Include="C:\Users\ivrod\Documents\irg\irglab\irgLab\dependencies\assimp\include\assimp\SceneCombiner.h">
      <Filter>include\assimp</Filter>
    </ClInclude>
    <ClInclude Include="C:\Users\ivrod\Documents\irg\irglab\irgLab\dependencies\assimp\include\assimp\fast_atof.h">
      <Filter>include\assimp</Filter>
    </ClInclude>
    <ClInclude Include="C:\Users\ivrod\Documents\irg\irglab\irgLab\dependencies\assimp\include\assimp\qnan.h">
      <Filter>include\assimp</Filter>
    </ClInclude>
    <ClInclude Include="C:\Users\ivrod\Documents\irg\irglab\irgLab\dependencies\assimp\include\assimp\BaseImporter.h">
      <Filter>include\assimp</Filter>
    </ClInclude>
    <ClInclude Include="C:\Users\ivrod\Documents\irg\irglab\irgLab\dependencies\assimp\include\assimp\Hash.h">
      <Filter>include\assimp</Filter>
    </ClInclude>
    <ClInclude Include="C:\Users\ivrod\Documents\irg\irglab\irgLab\dependencies\assimp\include\assimp\MemoryIOWrapper.h">
      <Filter>include\assimp</Filter>
    </ClInclude>
    <ClInclude Include="C:\Users\ivrod\Documents\irg\irglab\irgLab\dependencies\assimp\include\assimp\ParsingUtils.h">
      <Filter>include\assimp</Filter>
    </ClInclude>
    <ClInclude Include="C:\Users\ivrod\Documents\irg\irglab\irgLab\dependencies\assimp\include\assimp\StreamReader.h">
      <Filter>include\assimp</Filter>
    </ClInclude>
    <ClInclude Include="C:\Users\ivrod\Documents\irg\irglab\irgLab\dependencies\assimp\include\assimp\StreamWriter.h">
      <Filter>include\assimp</Filter>
    </ClInclude>
    <ClInclude Include="C:\Users\ivrod\Documents\irg\irglab\irgLab\dependencies\assimp\include\assimp\StringComparison.h">
      <Filter>include\assimp</Filter>
    </ClInclude>
    <ClInclude Include="C:\Users\ivrod\Documents\irg\irglab\irgLab\dependencies\assimp\include\assimp\StringUtils.h">
      <Filter>include\assimp</Filter>
    </ClInclude>
    <ClInclude Include="C:\Users\ivrod\Documents\irg\irglab\irgLab\dependencies\assimp\include\assimp\SGSpatialSort.h">
      <Filter>include\assimp</Filter>
    </ClInclude>
    <ClInclude Include="C:\Users\ivrod\Documents\irg\irglab\irgLab\dependencies\assimp\include\assimp\GenericProperty.h">
      <Filter>include\assimp</Filter>
    </ClInclude>
    <ClInclude Include="C:\Users\ivrod\Documents\irg\irglab\irgLab\dependencies\assimp\include\assimp\SpatialSort.h">
      <Filter>include\assimp</Filter>
    </ClInclude>
    <ClInclude Include="C:\Users\ivrod\Documents\irg\irglab\irgLab\dependencies\assimp\include\assimp\SkeletonMeshBuilder.h">
      <Filter>include\assimp</Filter>
    </ClInclude>
    <ClInclude Include="C:\Users\ivrod\Documents\irg\irglab\irgLab\dependencies\assimp\include\assimp\SmallVector.h">
      <Filter>include\assimp</Filter>
    </ClInclude>
    <ClInclude Include="C:\Users\ivrod\Documents\irg\irglab\irgLab\dependencies\assimp\include\assimp\SmoothingGroups.h">
      <Filter>include\assimp</Filter>
    </ClInclude>
    <ClInclude Include="C:\Users\ivrod\Documents\irg\irglab\irgLab\dependencies\assimp\include\assimp\SmoothingGroups.inl">
      <Filter>include\assimp</Filter>
    </ClInclude>
    <ClInclude Include="C:\Users\ivrod\Documents\irg\irglab\irgLab\dependencies\assimp\include\assimp\StandardShapes.h">
      <Filter>include\assimp</Filter>
    </ClInclude>
    <ClInclude Include="C:\Users\ivrod\Documents\irg\irglab\irgLab\dependencies\assimp\include\assimp\RemoveComments.h">
      <Filter>include\assimp</Filter>
    </ClInclude>
    <ClInclude Include="C:\Users\ivrod\Documents\irg\irglab\irgLab\dependencies\assimp\include\assimp\Subdivision.h">
      <Filter>include\assimp</Filter>
    </ClInclude>
    <ClInclude Include="C:\Users\ivrod\Documents\irg\irglab\irgLab\dependencies\assimp\include\assimp\Vertex.h">
      <Filter>include\assimp</Filter>
    </ClInclude>
    <ClInclude Include="C:\Users\ivrod\Documents\irg\irglab\irgLab\dependencies\assimp\include\assimp\LineSplitter.h">
      <Filter>include\assimp</Filter>
    </ClInclude>
    <ClInclude Include="C:\Users\ivrod\Documents\irg\irglab\irgLab\dependencies\assimp\include\assimp\TinyFormatter.h">
      <Filter>include\assimp</Filter>
    </ClInclude>
    <ClInclude Include="C:\Users\ivrod\Documents\irg\irglab\irgLab\dependencies\assimp\include\assimp\Profiler.h">
      <Filter>include\assimp</Filter>
    </ClInclude>
    <ClInclude Include="C:\Users\ivrod\Documents\irg\irglab\irgLab\dependencies\assimp\include\assimp\LogAux.h">
      <Filter>include\assimp</Filter>
    </ClInclude>
    <ClInclude Include="C:\Users\ivrod\Documents\irg\irglab\irgLab\dependencies\assimp\include\assimp\Bitmap.h">
      <Filter>include\assimp</Filter>
    </ClInclude>
    <ClInclude Include="C:\Users\ivrod\Documents\irg\irglab\irgLab\dependencies\assimp\include\assimp\XMLTools.h">
      <Filter>include\assimp</Filter>
    </ClInclude>
    <ClInclude Include="C:\Users\ivrod\Documents\irg\irglab\irgLab\dependencies\assimp\include\assimp\IOStreamBuffer.h">
      <Filter>include\assimp</Filter>
    </ClInclude>
    <ClInclude Include="C:\Users\ivrod\Documents\irg\irglab\irgLab\dependencies\assimp\include\assimp\CreateAnimMesh.h">
      <Filter>include\assimp</Filter>
    </ClInclude>
    <ClInclude Include="C:\Users\ivrod\Documents\irg\irglab\irgLab\dependencies\assimp\include\assimp\XmlParser.h">
      <Filter>include\assimp</Filter>
    </ClInclude>
    <ClInclude Include="C:\Users\ivrod\Documents\irg\irglab\irgLab\dependencies\assimp\include\assimp\MathFunctions.h">
      <Filter>include\assimp</Filter>
    </ClInclude>
    <ClInclude Include="C:\Users\ivrod\Documents\irg\irglab\irgLab\dependencies\assimp\include\assimp\Exceptional.h">
      <Filter>include\assimp</Filter>
    </ClInclude>
    <ClInclude Include="C:\Users\ivrod\Documents\irg\irglab\irgLab\dependencies\assimp\include\assimp\ByteSwapper.h">
      <Filter>include\assimp</Filter>
    </ClInclude>
    <ClInclude Include="C:\Users\ivrod\Documents\irg\irglab\irgLab\dependencies\assimp\include\assimp\Base64.hpp">
      <Filter>include\assimp</Filter>
    </ClInclude>
    <ClInclude Include="C:\Users\ivrod\Documents\irg\irglab\irgLab\dependencies\assimp\include\assimp\Compiler\pushpack1.h">
      <Filter>Compiler</Filter>
    </ClInclude>
    <ClInclude Include="C:\Users\ivrod\Documents\irg\irglab\irgLab\dependencies\assimp\include\assimp\Compiler\poppack1.h">
      <Filter>Compiler</Filter>
    </ClInclude>
    <ClInclude Include="C:\Users\ivrod\Documents\irg\irglab\irgLab\dependencies\assimp\include\assimp\Compiler\pstdint.h">
      <Filter>Compiler</Filter>
    </ClInclude>
  </ItemGroup>
  <ItemGroup>
    <CustomBuild Include="C:\Users\ivrod\Documents\irg\irglab\irgLab\dependencies\assimp\code\CMakeLists.txt" />
  </ItemGroup>
  <ItemGroup>
    <ResourceCompile Include="C:\Users\ivrod\Documents\irg\irglab\irgLab\dependencies\assimp\code\res\assimp.rc">
      <Filter>Source Files</Filter>
    </ResourceCompile>
  </ItemGroup>
  <ItemGroup>
    <Filter Include="AssetLib">
      <UniqueIdentifier>{84E7E719-D033-3675-9250-2CFECB631820}</UniqueIdentifier>
    </Filter>
    <Filter Include="AssetLib\OBJ">
      <UniqueIdentifier>{D8907511-C972-33F3-A35D-33B56F2CFA47}</UniqueIdentifier>
    </Filter>
    <Filter Include="CApi">
      <UniqueIdentifier>{570273AE-FADC-3E40-B793-AB382A4F1C6F}</UniqueIdentifier>
    </Filter>
    <Filter Include="Common">
      <UniqueIdentifier>{4F17F75E-08D1-37B5-B8A7-53D4B65A8D61}</UniqueIdentifier>
    </Filter>
    <Filter Include="Compiler">
      <UniqueIdentifier>{EE76D0DD-D788-3D0E-A0BC-86671A7006C4}</UniqueIdentifier>
    </Filter>
    <Filter Include="Contrib">
      <UniqueIdentifier>{D0A35032-E74A-3CB2-817A-60640BBC2154}</UniqueIdentifier>
    </Filter>
    <Filter Include="Contrib\Clipper">
      <UniqueIdentifier>{A0013C11-BA55-3D36-89DD-2EA00335EE08}</UniqueIdentifier>
    </Filter>
    <Filter Include="Contrib\Poly2Tri">
      <UniqueIdentifier>{F60F97B8-F824-321F-ABA4-DE2FB7101EB8}</UniqueIdentifier>
    </Filter>
    <Filter Include="Contrib\Pugixml">
      <UniqueIdentifier>{ECEEE792-08BB-3107-B0D8-21557C240AF3}</UniqueIdentifier>
    </Filter>
    <Filter Include="Contrib\open3dgc">
      <UniqueIdentifier>{45D3438D-7233-3B23-BCCD-AF1378BC8E01}</UniqueIdentifier>
    </Filter>
    <Filter Include="Contrib\openddl_parser">
      <UniqueIdentifier>{88192B70-7B59-3B2C-B2B1-E1B3F3803E7B}</UniqueIdentifier>
    </Filter>
    <Filter Include="Contrib\stb">
      <UniqueIdentifier>{7423347F-FDBA-3712-8803-5801FA1E9333}</UniqueIdentifier>
    </Filter>
    <Filter Include="Contrib\unzip">
      <UniqueIdentifier>{50F67F85-0581-3E1C-8418-D89EE3DDAA62}</UniqueIdentifier>
    </Filter>
    <Filter Include="Exporter">
      <UniqueIdentifier>{B2036E61-BEB7-3889-B157-F8380E13AEA2}</UniqueIdentifier>
    </Filter>
    <Filter Include="Geometry">
      <UniqueIdentifier>{DEEA0BA6-F4B2-3A81-A80C-8DBB80D3E601}</UniqueIdentifier>
    </Filter>
    <Filter Include="Header Files">
      <UniqueIdentifier>{6735AC24-B5B5-3C39-9477-80CF577B816F}</UniqueIdentifier>
    </Filter>
    <Filter Include="Logging">
      <UniqueIdentifier>{4FF52FE4-4870-3558-B62F-C4B538DFD5BD}</UniqueIdentifier>
    </Filter>
    <Filter Include="MaterialSystem">
      <UniqueIdentifier>{9AF344A2-A99F-3847-9335-5A76B6D1C159}</UniqueIdentifier>
    </Filter>
    <Filter Include="PostProcessing">
      <UniqueIdentifier>{FBD21FF1-4476-3231-A82F-47E68242807C}</UniqueIdentifier>
    </Filter>
    <Filter Include="STEPParser">
      <UniqueIdentifier>{BBC931F4-D8CF-332C-BB17-8A105CD66647}</UniqueIdentifier>
    </Filter>
    <Filter Include="Source Files">
      <UniqueIdentifier>{9BEC4273-ED9C-38EB-8049-01ADC96F749E}</UniqueIdentifier>
    </Filter>
    <Filter Include="glTFCommon">
      <UniqueIdentifier>{403B9451-93CA-33D6-B87E-545112876EB9}</UniqueIdentifier>
    </Filter>
    <Filter Include="include">
      <UniqueIdentifier>{29C18439-156E-31AB-97F8-8F43C08B0335}</UniqueIdentifier>
    </Filter>
    <Filter Include="include\assimp">
      <UniqueIdentifier>{E326A7C9-71CE-3354-B915-63ABB3F20267}</UniqueIdentifier>
    </Filter>
  </ItemGroup>
</Project>
