<?xml version="1.0" encoding="utf-8"?>
<Project ToolsVersion="18.0" xmlns="http://schemas.microsoft.com/developer/msbuild/2003">
  <ItemGroup>
    <CustomBuild Include="C:\Users\ivrod\Documents\irg\irglab\build\CMakeFiles\13ccbd8007e24332539c43c41fa54d48\uninstall.rule">
      <Filter>CMake Rules</Filter>
    </CustomBuild>
    <CustomBuild Include="C:\Users\ivrod\Documents\irg\irglab\irgLab\dependencies\glfw\CMakeLists.txt" />
  </ItemGroup>
  <ItemGroup>
    <None Include="C:\Users\ivrod\Documents\irg\irglab\build\irgLab\dependencies\glfw\CMakeFiles\uninstall" />
  </ItemGroup>
  <ItemGroup>
    <Filter Include="CMake Rules">
      <UniqueIdentifier>{7D1BBAA0-D990-356C-BE99-CE5A7FA00FCE}</UniqueIdentifier>
    </Filter>
  </ItemGroup>
</Project>
